
Microsoft Visual Studio Solution File, Format Version 12.00
# Visual Studio Version 17
VisualStudioVersion = 17.14.36429.23 d17.14
MinimumVisualStudioVersion = 10.0.40219.1
Project("{FAE04EC0-301F-11D3-BF4B-00C04F79EFBC}") = "TodoListMvc", "TodoListMvc\TodoListMvc.csproj", "{D2B375E8-29B6-4B1A-9F4F-4DBBE73071B5}"
EndProject
Global
	GlobalSection(SolutionConfigurationPlatforms) = preSolution
		Debug|Any CPU = Debug|Any CPU
		Release|Any CPU = Release|Any CPU
	EndGlobalSection
	GlobalSection(ProjectConfigurationPlatforms) = postSolution
		{D2B375E8-29B6-4B1A-9F4F-4DBBE73071B5}.Debug|Any CPU.ActiveCfg = Debug|Any CPU
		{D2B375E8-29B6-4B1A-9F4F-4DBBE73071B5}.Debug|Any CPU.Build.0 = Debug|Any CPU
		{D2B375E8-29B6-4B1A-9F4F-4DBBE73071B5}.Release|Any CPU.ActiveCfg = Release|Any CPU
		{D2B375E8-29B6-4B1A-9F4F-4DBBE73071B5}.Release|Any CPU.Build.0 = Release|Any CPU
	EndGlobalSection
	GlobalSection(SolutionProperties) = preSolution
		HideSolutionNode = FALSE
	EndGlobalSection
	GlobalSection(ExtensibilityGlobals) = postSolution
		SolutionGuid = {EBC51D2A-B244-4592-A4CB-A0C6854CBDA0}
	EndGlobalSection
EndGlobal
